
Microsoft Visual Studio Solution File, Format Version 12.00
# Visual Studio Version 16
VisualStudioVersion = 16.0.30907.101
MinimumVisualStudioVersion = 10.0.40219.1
Project("{FAE04EC0-301F-11D3-BF4B-00C04F79EFBC}") = "Bmr", "Bmr\Bmr.csproj", "{164A9386-EAC1-4ED7-871C-6313E61B358A}"
EndProject
Global
	GlobalSection(SolutionConfigurationPlatforms) = preSolution
		Debug|Any CPU = Debug|Any CPU
		Release|Any CPU = Release|Any CPU
	EndGlobalSection
	GlobalSection(ProjectConfigurationPlatforms) = postSolution
		{164A9386-EAC1-4ED7-871C-6313E61B358A}.Debug|Any CPU.ActiveCfg = Debug|Any CPU
		{164A9386-EAC1-4ED7-871C-6313E61B358A}.Debug|Any CPU.Build.0 = Debug|Any CPU
		{164A9386-EAC1-4ED7-871C-6313E61B358A}.Release|Any CPU.ActiveCfg = Release|Any CPU
		{164A9386-EAC1-4ED7-871C-6313E61B358A}.Release|Any CPU.Build.0 = Release|Any CPU
	EndGlobalSection
	GlobalSection(SolutionProperties) = preSolution
		HideSolutionNode = FALSE
	EndGlobalSection
	GlobalSection(ExtensibilityGlobals) = postSolution
		SolutionGuid = {2D596D39-CB2D-4C8B-B25A-3DD28F9A78CD}
	EndGlobalSection
EndGlobal
